
Microsoft Visual Studio Solution File, Format Version 12.00
# Visual Studio 15
VisualStudioVersion = 15.0.28307.1082
MinimumVisualStudioVersion = 10.0.40219.1
Project("{FAE04EC0-301F-11D3-BF4B-00C04F79EFBC}") = "MOHPDClient", "MOHPDClient\MOHPDClient.csproj", "{F081923E-269E-4502-8503-094E4BADE38A}"
EndProject
Project("{FAE04EC0-301F-11D3-BF4B-00C04F79EFBC}") = "MOHPDServer", "MOHPDServer\MOHPDServer.csproj", "{F77C3F4A-9126-4A66-BBD9-0C510FDD014B}"
EndProject
Project("{FAE04EC0-301F-11D3-BF4B-00C04F79EFBC}") = "MOHPDShared", "MOHPDShared\MOHPDShared.csproj", "{89B9909C-BAF0-4CED-8490-FD5CF2552F19}"
EndProject
Global
	GlobalSection(SolutionConfigurationPlatforms) = preSolution
		Debug|Any CPU = Debug|Any CPU
		Release|Any CPU = Release|Any CPU
	EndGlobalSection
	GlobalSection(ProjectConfigurationPlatforms) = postSolution
		{F081923E-269E-4502-8503-094E4BADE38A}.Debug|Any CPU.ActiveCfg = Debug|Any CPU
		{F081923E-269E-4502-8503-094E4BADE38A}.Debug|Any CPU.Build.0 = Debug|Any CPU
		{F081923E-269E-4502-8503-094E4BADE38A}.Release|Any CPU.ActiveCfg = Release|Any CPU
		{F081923E-269E-4502-8503-094E4BADE38A}.Release|Any CPU.Build.0 = Release|Any CPU
		{F77C3F4A-9126-4A66-BBD9-0C510FDD014B}.Debug|Any CPU.ActiveCfg = Debug|Any CPU
		{F77C3F4A-9126-4A66-BBD9-0C510FDD014B}.Debug|Any CPU.Build.0 = Debug|Any CPU
		{F77C3F4A-9126-4A66-BBD9-0C510FDD014B}.Release|Any CPU.ActiveCfg = Release|Any CPU
		{F77C3F4A-9126-4A66-BBD9-0C510FDD014B}.Release|Any CPU.Build.0 = Release|Any CPU
		{89B9909C-BAF0-4CED-8490-FD5CF2552F19}.Debug|Any CPU.ActiveCfg = Debug|Any CPU
		{89B9909C-BAF0-4CED-8490-FD5CF2552F19}.Debug|Any CPU.Build.0 = Debug|Any CPU
		{89B9909C-BAF0-4CED-8490-FD5CF2552F19}.Release|Any CPU.ActiveCfg = Release|Any CPU
		{89B9909C-BAF0-4CED-8490-FD5CF2552F19}.Release|Any CPU.Build.0 = Release|Any CPU
	EndGlobalSection
	GlobalSection(SolutionProperties) = preSolution
		HideSolutionNode = FALSE
	EndGlobalSection
	GlobalSection(ExtensibilityGlobals) = postSolution
		SolutionGuid = {5A876BFB-F817-46B0-B92C-608C79465955}
	EndGlobalSection
EndGlobal
